
Microsoft Visual Studio Solution File, Format Version 10.00
# Visual C++ Express 2008
Project("{8BC9CEB8-8B4A-11D0-8D11-00A0C91BC942}") = "Day2", "Day2\Day2.vcproj", "{6B3EA8C9-FEFD-48A9-95E7-B2FFF6288034}"
EndProject
Project("{8BC9CEB8-8B4A-11D0-8D11-00A0C91BC942}") = "Day3", "Day3\Day3.vcproj", "{BF1A0B10-63B4-49B2-A9BB-28C13161E609}"
EndProject
Global
	GlobalSection(SolutionConfigurationPlatforms) = preSolution
		Debug|Win32 = Debug|Win32
		Release|Win32 = Release|Win32
	EndGlobalSection
	GlobalSection(ProjectConfigurationPlatforms) = postSolution
		{6B3EA8C9-FEFD-48A9-95E7-B2FFF6288034}.Debug|Win32.ActiveCfg = Debug|Win32
		{6B3EA8C9-FEFD-48A9-95E7-B2FFF6288034}.Debug|Win32.Build.0 = Debug|Win32
		{6B3EA8C9-FEFD-48A9-95E7-B2FFF6288034}.Release|Win32.ActiveCfg = Release|Win32
		{6B3EA8C9-FEFD-48A9-95E7-B2FFF6288034}.Release|Win32.Build.0 = Release|Win32
		{BF1A0B10-63B4-49B2-A9BB-28C13161E609}.Debug|Win32.ActiveCfg = Debug|Win32
		{BF1A0B10-63B4-49B2-A9BB-28C13161E609}.Debug|Win32.Build.0 = Debug|Win32
		{BF1A0B10-63B4-49B2-A9BB-28C13161E609}.Release|Win32.ActiveCfg = Release|Win32
		{BF1A0B10-63B4-49B2-A9BB-28C13161E609}.Release|Win32.Build.0 = Release|Win32
	EndGlobalSection
	GlobalSection(SolutionProperties) = preSolution
		HideSolutionNode = FALSE
	EndGlobalSection
EndGlobal
